
Microsoft Visual Studio Solution File, Format Version 12.00
# Visual Studio Version 17
VisualStudioVersion = 17.9.34622.214
MinimumVisualStudioVersion = 10.0.40219.1
Project("{9A19103F-16F7-4668-BE54-9A1E7A4F7556}") = "CbrCurrencyImporter.ConsoleApp", "CbrCurrencyImporter.ConsoleApp.csproj", "{A1D8C086-78A9-4BCF-AE35-131FBB68B40E}"
EndProject
Project("{9A19103F-16F7-4668-BE54-9A1E7A4F7556}") = "CbrCurrencyImporter.Domain", "..\CbrCurrencyImporter.Domain\CbrCurrencyImporter.Domain.csproj", "{C85B8970-3CB6-4C8C-9843-4ECF01EB2496}"
EndProject
Project("{9A19103F-16F7-4668-BE54-9A1E7A4F7556}") = "CbrCurrencyImporter.Services", "..\CbrCurrencyImporter.Services\CbrCurrencyImporter.Services.csproj", "{07CF7C08-BFD1-4591-9F1D-4589D968F694}"
EndProject
Project("{9A19103F-16F7-4668-BE54-9A1E7A4F7556}") = "CbrCurrencyImporter.Infrastructure", "..\CbrCurrencyImporter.Infrastructure\CbrCurrencyImporter.Infrastructure.csproj", "{67887311-8819-4085-B660-B48C1E0F2825}"
EndProject
Project("{2150E333-8FDC-42A3-9474-1A3956D46DE8}") = "Элементы решения", "Элементы решения", "{880497F5-ADED-4D2C-9773-18E33CF7BD74}"
	ProjectSection(SolutionItems) = preProject
		docker-compose.yml = docker-compose.yml
	EndProjectSection
EndProject
Project("{2150E333-8FDC-42A3-9474-1A3956D46DE8}") = "src", "src", "{0C8F807E-C91B-4675-BDED-24AAD6511644}"
EndProject
Global
	GlobalSection(SolutionConfigurationPlatforms) = preSolution
		Debug|Any CPU = Debug|Any CPU
		Release|Any CPU = Release|Any CPU
	EndGlobalSection
	GlobalSection(ProjectConfigurationPlatforms) = postSolution
		{A1D8C086-78A9-4BCF-AE35-131FBB68B40E}.Debug|Any CPU.ActiveCfg = Debug|Any CPU
		{A1D8C086-78A9-4BCF-AE35-131FBB68B40E}.Debug|Any CPU.Build.0 = Debug|Any CPU
		{A1D8C086-78A9-4BCF-AE35-131FBB68B40E}.Release|Any CPU.ActiveCfg = Release|Any CPU
		{A1D8C086-78A9-4BCF-AE35-131FBB68B40E}.Release|Any CPU.Build.0 = Release|Any CPU
		{C85B8970-3CB6-4C8C-9843-4ECF01EB2496}.Debug|Any CPU.ActiveCfg = Debug|Any CPU
		{C85B8970-3CB6-4C8C-9843-4ECF01EB2496}.Debug|Any CPU.Build.0 = Debug|Any CPU
		{C85B8970-3CB6-4C8C-9843-4ECF01EB2496}.Release|Any CPU.ActiveCfg = Release|Any CPU
		{C85B8970-3CB6-4C8C-9843-4ECF01EB2496}.Release|Any CPU.Build.0 = Release|Any CPU
		{07CF7C08-BFD1-4591-9F1D-4589D968F694}.Debug|Any CPU.ActiveCfg = Debug|Any CPU
		{07CF7C08-BFD1-4591-9F1D-4589D968F694}.Debug|Any CPU.Build.0 = Debug|Any CPU
		{07CF7C08-BFD1-4591-9F1D-4589D968F694}.Release|Any CPU.ActiveCfg = Release|Any CPU
		{07CF7C08-BFD1-4591-9F1D-4589D968F694}.Release|Any CPU.Build.0 = Release|Any CPU
		{67887311-8819-4085-B660-B48C1E0F2825}.Debug|Any CPU.ActiveCfg = Debug|Any CPU
		{67887311-8819-4085-B660-B48C1E0F2825}.Debug|Any CPU.Build.0 = Debug|Any CPU
		{67887311-8819-4085-B660-B48C1E0F2825}.Release|Any CPU.ActiveCfg = Release|Any CPU
		{67887311-8819-4085-B660-B48C1E0F2825}.Release|Any CPU.Build.0 = Release|Any CPU
	EndGlobalSection
	GlobalSection(SolutionProperties) = preSolution
		HideSolutionNode = FALSE
	EndGlobalSection
	GlobalSection(NestedProjects) = preSolution
		{C85B8970-3CB6-4C8C-9843-4ECF01EB2496} = {0C8F807E-C91B-4675-BDED-24AAD6511644}
		{07CF7C08-BFD1-4591-9F1D-4589D968F694} = {0C8F807E-C91B-4675-BDED-24AAD6511644}
		{67887311-8819-4085-B660-B48C1E0F2825} = {0C8F807E-C91B-4675-BDED-24AAD6511644}
	EndGlobalSection
	GlobalSection(ExtensibilityGlobals) = postSolution
		SolutionGuid = {886F76BA-85C6-4C80-927A-C02FDD59AA54}
	EndGlobalSection
EndGlobal
